
Microsoft Visual Studio Solution File, Format Version 12.00
# Visual Studio Version 17
VisualStudioVersion = 17.10.35122.118
MinimumVisualStudioVersion = 10.0.40219.1
Project("{FAE04EC0-301F-11D3-BF4B-00C04F79EFBC}") = "WpfAppNBRB", "WpfAppNBRB\WpfAppNBRB.csproj", "{0D413D72-47C5-4AF7-B478-A9D270199578}"
EndProject
Global
	GlobalSection(SolutionConfigurationPlatforms) = preSolution
		Debug|Any CPU = Debug|Any CPU
		Release|Any CPU = Release|Any CPU
	EndGlobalSection
	GlobalSection(ProjectConfigurationPlatforms) = postSolution
		{0D413D72-47C5-4AF7-B478-A9D270199578}.Debug|Any CPU.ActiveCfg = Debug|Any CPU
		{0D413D72-47C5-4AF7-B478-A9D270199578}.Debug|Any CPU.Build.0 = Debug|Any CPU
		{0D413D72-47C5-4AF7-B478-A9D270199578}.Release|Any CPU.ActiveCfg = Release|Any CPU
		{0D413D72-47C5-4AF7-B478-A9D270199578}.Release|Any CPU.Build.0 = Release|Any CPU
	EndGlobalSection
	GlobalSection(SolutionProperties) = preSolution
		HideSolutionNode = FALSE
	EndGlobalSection
	GlobalSection(ExtensibilityGlobals) = postSolution
		SolutionGuid = {F14410C5-1744-4BD7-8D4C-0DA767FDA36D}
	EndGlobalSection
EndGlobal
